
Microsoft Visual Studio Solution File, Format Version 12.00
# Visual Studio Version 17
VisualStudioVersion = 17.3.32929.385
MinimumVisualStudioVersion = 10.0.40219.1
Project("{FAE04EC0-301F-11D3-BF4B-00C04F79EFBC}") = "TYPING GAME", "TYPING GAME\TYPING GAME.csproj", "{45A2BE7B-A030-4B47-BDF5-60D80EE947F2}"
EndProject
Global
	GlobalSection(SolutionConfigurationPlatforms) = preSolution
		Debug|Any CPU = Debug|Any CPU
		Release|Any CPU = Release|Any CPU
	EndGlobalSection
	GlobalSection(ProjectConfigurationPlatforms) = postSolution
		{45A2BE7B-A030-4B47-BDF5-60D80EE947F2}.Debug|Any CPU.ActiveCfg = Debug|Any CPU
		{45A2BE7B-A030-4B47-BDF5-60D80EE947F2}.Debug|Any CPU.Build.0 = Debug|Any CPU
		{45A2BE7B-A030-4B47-BDF5-60D80EE947F2}.Release|Any CPU.ActiveCfg = Release|Any CPU
		{45A2BE7B-A030-4B47-BDF5-60D80EE947F2}.Release|Any CPU.Build.0 = Release|Any CPU
	EndGlobalSection
	GlobalSection(SolutionProperties) = preSolution
		HideSolutionNode = FALSE
	EndGlobalSection
	GlobalSection(ExtensibilityGlobals) = postSolution
		SolutionGuid = {3FF04815-5111-4B0C-9FE4-C43D217BD63C}
	EndGlobalSection
EndGlobal
